
Microsoft Visual Studio Solution File, Format Version 12.00
# Visual Studio Version 17
VisualStudioVersion = 17.0.31903.59
MinimumVisualStudioVersion = 10.0.40219.1
Project("{FAE04EC0-301F-11D3-BF4B-00C04F79EFBC}") = "01-hello", "01-hello\01-hello.csproj", "{068ABB48-3840-4505-91CC-3F5CBB1152E9}"
EndProject
Project("{2150E333-8FDC-42A3-9474-1A3956D46DE8}") = "exercises", "exercises", "{9AC4B58F-DBEB-452D-AD3A-042FE1FC3AC3}"
EndProject
Project("{FAE04EC0-301F-11D3-BF4B-00C04F79EFBC}") = "01a", "exercises\01a\01a.csproj", "{1E71CF4A-DE86-420F-8015-44B69A8F6AA2}"
EndProject
Project("{FAE04EC0-301F-11D3-BF4B-00C04F79EFBC}") = "02-varibles", "02-varibles\02-varibles.csproj", "{12E2FF37-6AFA-4604-9A5F-6C61DEDF0032}"
EndProject
Project("{FAE04EC0-301F-11D3-BF4B-00C04F79EFBC}") = "03-condicions", "03-condicions\03-condicions.csproj", "{C82371E4-006F-4603-BACD-4251A3BF3799}"
EndProject
Project("{FAE04EC0-301F-11D3-BF4B-00C04F79EFBC}") = "03a", "exercises\03a\03a.csproj", "{9201BE1A-8ED3-47D8-BD09-C388BFBB6A26}"
EndProject
Project("{FAE04EC0-301F-11D3-BF4B-00C04F79EFBC}") = "04a-loops", "04-loops\04a-loops.csproj", "{06D968B4-DF83-4FF6-BA35-A955D9F69EBC}"
EndProject
Project("{FAE04EC0-301F-11D3-BF4B-00C04F79EFBC}") = "04b-loops", "04b-loops\04b-loops.csproj", "{A09A12A6-4F8F-45D0-ABBD-35EC6F7F751D}"
EndProject
Project("{FAE04EC0-301F-11D3-BF4B-00C04F79EFBC}") = "04c-loops", "04c-loops\04c-loops.csproj", "{D9A81690-DE35-46EC-B5C0-7CC67567CE52}"
EndProject
Global
	GlobalSection(SolutionConfigurationPlatforms) = preSolution
		Debug|Any CPU = Debug|Any CPU
		Release|Any CPU = Release|Any CPU
	EndGlobalSection
	GlobalSection(ProjectConfigurationPlatforms) = postSolution
		{068ABB48-3840-4505-91CC-3F5CBB1152E9}.Debug|Any CPU.ActiveCfg = Debug|Any CPU
		{068ABB48-3840-4505-91CC-3F5CBB1152E9}.Debug|Any CPU.Build.0 = Debug|Any CPU
		{068ABB48-3840-4505-91CC-3F5CBB1152E9}.Release|Any CPU.ActiveCfg = Release|Any CPU
		{068ABB48-3840-4505-91CC-3F5CBB1152E9}.Release|Any CPU.Build.0 = Release|Any CPU
		{1E71CF4A-DE86-420F-8015-44B69A8F6AA2}.Debug|Any CPU.ActiveCfg = Debug|Any CPU
		{1E71CF4A-DE86-420F-8015-44B69A8F6AA2}.Debug|Any CPU.Build.0 = Debug|Any CPU
		{1E71CF4A-DE86-420F-8015-44B69A8F6AA2}.Release|Any CPU.ActiveCfg = Release|Any CPU
		{1E71CF4A-DE86-420F-8015-44B69A8F6AA2}.Release|Any CPU.Build.0 = Release|Any CPU
		{12E2FF37-6AFA-4604-9A5F-6C61DEDF0032}.Debug|Any CPU.ActiveCfg = Debug|Any CPU
		{12E2FF37-6AFA-4604-9A5F-6C61DEDF0032}.Debug|Any CPU.Build.0 = Debug|Any CPU
		{12E2FF37-6AFA-4604-9A5F-6C61DEDF0032}.Release|Any CPU.ActiveCfg = Release|Any CPU
		{12E2FF37-6AFA-4604-9A5F-6C61DEDF0032}.Release|Any CPU.Build.0 = Release|Any CPU
		{C82371E4-006F-4603-BACD-4251A3BF3799}.Debug|Any CPU.ActiveCfg = Debug|Any CPU
		{C82371E4-006F-4603-BACD-4251A3BF3799}.Debug|Any CPU.Build.0 = Debug|Any CPU
		{C82371E4-006F-4603-BACD-4251A3BF3799}.Release|Any CPU.ActiveCfg = Release|Any CPU
		{C82371E4-006F-4603-BACD-4251A3BF3799}.Release|Any CPU.Build.0 = Release|Any CPU
		{9201BE1A-8ED3-47D8-BD09-C388BFBB6A26}.Debug|Any CPU.ActiveCfg = Debug|Any CPU
		{9201BE1A-8ED3-47D8-BD09-C388BFBB6A26}.Debug|Any CPU.Build.0 = Debug|Any CPU
		{9201BE1A-8ED3-47D8-BD09-C388BFBB6A26}.Release|Any CPU.ActiveCfg = Release|Any CPU
		{9201BE1A-8ED3-47D8-BD09-C388BFBB6A26}.Release|Any CPU.Build.0 = Release|Any CPU
		{06D968B4-DF83-4FF6-BA35-A955D9F69EBC}.Debug|Any CPU.ActiveCfg = Debug|Any CPU
		{06D968B4-DF83-4FF6-BA35-A955D9F69EBC}.Debug|Any CPU.Build.0 = Debug|Any CPU
		{06D968B4-DF83-4FF6-BA35-A955D9F69EBC}.Release|Any CPU.ActiveCfg = Release|Any CPU
		{06D968B4-DF83-4FF6-BA35-A955D9F69EBC}.Release|Any CPU.Build.0 = Release|Any CPU
		{A09A12A6-4F8F-45D0-ABBD-35EC6F7F751D}.Debug|Any CPU.ActiveCfg = Debug|Any CPU
		{A09A12A6-4F8F-45D0-ABBD-35EC6F7F751D}.Debug|Any CPU.Build.0 = Debug|Any CPU
		{A09A12A6-4F8F-45D0-ABBD-35EC6F7F751D}.Release|Any CPU.ActiveCfg = Release|Any CPU
		{A09A12A6-4F8F-45D0-ABBD-35EC6F7F751D}.Release|Any CPU.Build.0 = Release|Any CPU
		{D9A81690-DE35-46EC-B5C0-7CC67567CE52}.Debug|Any CPU.ActiveCfg = Debug|Any CPU
		{D9A81690-DE35-46EC-B5C0-7CC67567CE52}.Debug|Any CPU.Build.0 = Debug|Any CPU
		{D9A81690-DE35-46EC-B5C0-7CC67567CE52}.Release|Any CPU.ActiveCfg = Release|Any CPU
		{D9A81690-DE35-46EC-B5C0-7CC67567CE52}.Release|Any CPU.Build.0 = Release|Any CPU
	EndGlobalSection
	GlobalSection(SolutionProperties) = preSolution
		HideSolutionNode = FALSE
	EndGlobalSection
	GlobalSection(NestedProjects) = preSolution
		{1E71CF4A-DE86-420F-8015-44B69A8F6AA2} = {9AC4B58F-DBEB-452D-AD3A-042FE1FC3AC3}
		{9201BE1A-8ED3-47D8-BD09-C388BFBB6A26} = {9AC4B58F-DBEB-452D-AD3A-042FE1FC3AC3}
	EndGlobalSection
EndGlobal
